
Microsoft Visual Studio Solution File, Format Version 12.00
# Visual Studio 15
VisualStudioVersion = 15.0.27703.2026
MinimumVisualStudioVersion = 10.0.40219.1
Project("{2150E333-8FDC-42A3-9474-1A3956D46DE8}") = "Tests", "Tests", "{F8E31A0B-E586-430F-BE6C-45AE6DBE9B0B}"
EndProject
Project("{9A19103F-16F7-4668-BE54-9A1E7A4F7556}") = "BookStore.Core.Tests", "BookStore.Core.Tests\BookStore.Core.Tests.csproj", "{E7C38B28-F4CA-4042-A7A3-B0F1FF8E81B2}"
EndProject
Project("{9A19103F-16F7-4668-BE54-9A1E7A4F7556}") = "BookStore.Core", "BookStore.Core\BookStore.Core.csproj", "{E9259CC6-7366-416B-922F-BE18800529F9}"
EndProject
Project("{9A19103F-16F7-4668-BE54-9A1E7A4F7556}") = "BookStore.App", "BookStore.App\BookStore.App.csproj", "{0E913887-D1BB-4BD8-8CD6-EFA209C14516}"
EndProject
Project("{FAE04EC0-301F-11D3-BF4B-00C04F79EFBC}") = "BookStore.Helpers", "BookStore.Helpers\BookStore.Helpers.csproj", "{4BCC3602-8A01-4327-84A9-4EDC4FD45452}"
EndProject
Global
	GlobalSection(SolutionConfigurationPlatforms) = preSolution
		Debug|Any CPU = Debug|Any CPU
		Release|Any CPU = Release|Any CPU
	EndGlobalSection
	GlobalSection(ProjectConfigurationPlatforms) = postSolution
		{E7C38B28-F4CA-4042-A7A3-B0F1FF8E81B2}.Debug|Any CPU.ActiveCfg = Debug|Any CPU
		{E7C38B28-F4CA-4042-A7A3-B0F1FF8E81B2}.Debug|Any CPU.Build.0 = Debug|Any CPU
		{E7C38B28-F4CA-4042-A7A3-B0F1FF8E81B2}.Release|Any CPU.ActiveCfg = Release|Any CPU
		{E7C38B28-F4CA-4042-A7A3-B0F1FF8E81B2}.Release|Any CPU.Build.0 = Release|Any CPU
		{E9259CC6-7366-416B-922F-BE18800529F9}.Debug|Any CPU.ActiveCfg = Debug|Any CPU
		{E9259CC6-7366-416B-922F-BE18800529F9}.Debug|Any CPU.Build.0 = Debug|Any CPU
		{E9259CC6-7366-416B-922F-BE18800529F9}.Release|Any CPU.ActiveCfg = Release|Any CPU
		{E9259CC6-7366-416B-922F-BE18800529F9}.Release|Any CPU.Build.0 = Release|Any CPU
		{0E913887-D1BB-4BD8-8CD6-EFA209C14516}.Debug|Any CPU.ActiveCfg = Debug|Any CPU
		{0E913887-D1BB-4BD8-8CD6-EFA209C14516}.Debug|Any CPU.Build.0 = Debug|Any CPU
		{0E913887-D1BB-4BD8-8CD6-EFA209C14516}.Release|Any CPU.ActiveCfg = Release|Any CPU
		{0E913887-D1BB-4BD8-8CD6-EFA209C14516}.Release|Any CPU.Build.0 = Release|Any CPU
		{4BCC3602-8A01-4327-84A9-4EDC4FD45452}.Debug|Any CPU.ActiveCfg = Debug|Any CPU
		{4BCC3602-8A01-4327-84A9-4EDC4FD45452}.Debug|Any CPU.Build.0 = Debug|Any CPU
		{4BCC3602-8A01-4327-84A9-4EDC4FD45452}.Release|Any CPU.ActiveCfg = Release|Any CPU
		{4BCC3602-8A01-4327-84A9-4EDC4FD45452}.Release|Any CPU.Build.0 = Release|Any CPU
	EndGlobalSection
	GlobalSection(SolutionProperties) = preSolution
		HideSolutionNode = FALSE
	EndGlobalSection
	GlobalSection(NestedProjects) = preSolution
		{E7C38B28-F4CA-4042-A7A3-B0F1FF8E81B2} = {F8E31A0B-E586-430F-BE6C-45AE6DBE9B0B}
	EndGlobalSection
	GlobalSection(ExtensibilityGlobals) = postSolution
		SolutionGuid = {818F018A-AAB8-461F-A532-67AD0F1632C8}
	EndGlobalSection
EndGlobal
